// !$*UTF8*$!
{
	archiveVersion = 1;
	classes = {
	};
	objectVersion = 51;
	objects = {

/* Begin PBXBuildFile section */
		3F8D6ED824DBC101734101CA /* Pods_AlamofireDemo.framework in Frameworks */ = {isa = PBXBuildFile; fileRef = 628F1A85B677A6FA9466FAF3 /* Pods_AlamofireDemo.framework */; };
		AC3C0D07264D0E31005B5B52 /* CommentDatabase.swift in Sources */ = {isa = PBXBuildFile; fileRef = AC3C0D06264D0E31005B5B52 /* CommentDatabase.swift */; };
		AC6BABB62646DFCD00841D6F /* AlamofireDemoApp.swift in Sources */ = {isa = PBXBuildFile; fileRef = AC6BABB52646DFCD00841D6F /* AlamofireDemoApp.swift */; };
		AC6BABBA2646DFD100841D6F /* Assets.xcassets in Resources */ = {isa = PBXBuildFile; fileRef = AC6BABB92646DFD100841D6F /* Assets.xcassets */; };
		AC6BABBD2646DFD100841D6F /* Preview Assets.xcassets in Resources */ = {isa = PBXBuildFile; fileRef = AC6BABBC2646DFD100841D6F /* Preview Assets.xcassets */; };
		AC7E44E12646E5DC004AE8C4 /* ApiService.swift in Sources */ = {isa = PBXBuildFile; fileRef = AC7E44E02646E5DC004AE8C4 /* ApiService.swift */; };
		AC7E44E32646E5F5004AE8C4 /* Comment.swift in Sources */ = {isa = PBXBuildFile; fileRef = AC7E44E22646E5F5004AE8C4 /* Comment.swift */; };
		AC7E44E62646E6A3004AE8C4 /* ViewModel.swift in Sources */ = {isa = PBXBuildFile; fileRef = AC7E44E52646E6A3004AE8C4 /* ViewModel.swift */; };
		AC7E44E92646E7A4004AE8C4 /* PostsView.swift in Sources */ = {isa = PBXBuildFile; fileRef = AC7E44E82646E7A4004AE8C4 /* PostsView.swift */; };
/* End PBXBuildFile section */

/* Begin PBXFileReference section */
		3AB52A60996E4590D3C4333A /* Pods-AlamofireDemo.debug.xcconfig */ = {isa = PBXFileReference; includeInIndex = 1; lastKnownFileType = text.xcconfig; name = "Pods-AlamofireDemo.debug.xcconfig"; path = "Target Support Files/Pods-AlamofireDemo/Pods-AlamofireDemo.debug.xcconfig"; sourceTree = "<group>"; };
		628F1A85B677A6FA9466FAF3 /* Pods_AlamofireDemo.framework */ = {isa = PBXFileReference; explicitFileType = wrapper.framework; includeInIndex = 0; path = Pods_AlamofireDemo.framework; sourceTree = BUILT_PRODUCTS_DIR; };
		AC3C0D06264D0E31005B5B52 /* CommentDatabase.swift */ = {isa = PBXFileReference; lastKnownFileType = sourcecode.swift; path = CommentDatabase.swift; sourceTree = "<group>"; };
		AC6BABB22646DFCD00841D6F /* AlamofireDemo.app */ = {isa = PBXFileReference; explicitFileType = wrapper.application; includeInIndex = 0; path = AlamofireDemo.app; sourceTree = BUILT_PRODUCTS_DIR; };
		AC6BABB52646DFCD00841D6F /* AlamofireDemoApp.swift */ = {isa = PBXFileReference; lastKnownFileType = sourcecode.swift; path = AlamofireDemoApp.swift; sourceTree = "<group>"; };
		AC6BABB92646DFD100841D6F /* Assets.xcassets */ = {isa = PBXFileReference; lastKnownFileType = folder.assetcatalog; path = Assets.xcassets; sourceTree = "<group>"; };
		AC6BABBC2646DFD100841D6F /* Preview Assets.xcassets */ = {isa = PBXFileReference; lastKnownFileType = folder.assetcatalog; path = "Preview Assets.xcassets"; sourceTree = "<group>"; };
		AC6BABBE2646DFD100841D6F /* Info.plist */ = {isa = PBXFileReference; lastKnownFileType = text.plist.xml; path = Info.plist; sourceTree = "<group>"; };
		AC7E44E02646E5DC004AE8C4 /* ApiService.swift */ = {isa = PBXFileReference; lastKnownFileType = sourcecode.swift; path = ApiService.swift; sourceTree = "<group>"; };
		AC7E44E22646E5F5004AE8C4 /* Comment.swift */ = {isa = PBXFileReference; lastKnownFileType = sourcecode.swift; path = Comment.swift; sourceTree = "<group>"; };
		AC7E44E52646E6A3004AE8C4 /* ViewModel.swift */ = {isa = PBXFileReference; lastKnownFileType = sourcecode.swift; path = ViewModel.swift; sourceTree = "<group>"; };
		AC7E44E82646E7A4004AE8C4 /* PostsView.swift */ = {isa = PBXFileReference; lastKnownFileType = sourcecode.swift; path = PostsView.swift; sourceTree = "<group>"; };
		B68B5E30B71CE15B16FBD0EA /* Pods-AlamofireDemo.release.xcconfig */ = {isa = PBXFileReference; includeInIndex = 1; lastKnownFileType = text.xcconfig; name = "Pods-AlamofireDemo.release.xcconfig"; path = "Target Support Files/Pods-AlamofireDemo/Pods-AlamofireDemo.release.xcconfig"; sourceTree = "<group>"; };
/* End PBXFileReference section */

/* Begin PBXFrameworksBuildPhase section */
		AC6BABAF2646DFCD00841D6F /* Frameworks */ = {
			isa = PBXFrameworksBuildPhase;
			buildActionMask = 2147483647;
			files = (
				3F8D6ED824DBC101734101CA /* Pods_AlamofireDemo.framework in Frameworks */,
			);
			runOnlyForDeploymentPostprocessing = 0;
		};
/* End PBXFrameworksBuildPhase section */

/* Begin PBXGroup section */
		AC3C0D03264D09A7005B5B52 /* Database */ = {
			isa = PBXGroup;
			children = (
				AC3C0D06264D0E31005B5B52 /* CommentDatabase.swift */,
			);
			path = Database;
			sourceTree = "<group>";
		};
		AC6BABA92646DFCD00841D6F = {
			isa = PBXGroup;
			children = (
				AC6BABB42646DFCD00841D6F /* AlamofireDemo */,
				AC6BABB32646DFCD00841D6F /* Products */,
				BDE16923E32356AD00A1F40B /* Pods */,
				FBC2D3781EE37E11DD15426D /* Frameworks */,
			);
			sourceTree = "<group>";
		};
		AC6BABB32646DFCD00841D6F /* Products */ = {
			isa = PBXGroup;
			children = (
				AC6BABB22646DFCD00841D6F /* AlamofireDemo.app */,
			);
			name = Products;
			sourceTree = "<group>";
		};
		AC6BABB42646DFCD00841D6F /* AlamofireDemo */ = {
			isa = PBXGroup;
			children = (
				AC3C0D03264D09A7005B5B52 /* Database */,
				AC7E44E72646E79B004AE8C4 /* Ui */,
				AC7E44E42646E67D004AE8C4 /* ViewModel */,
				AC7E44DF2646E5CA004AE8C4 /* Api */,
				AC6BABB52646DFCD00841D6F /* AlamofireDemoApp.swift */,
				AC6BABB92646DFD100841D6F /* Assets.xcassets */,
				AC6BABBE2646DFD100841D6F /* Info.plist */,
				AC6BABBB2646DFD100841D6F /* Preview Content */,
			);
			path = AlamofireDemo;
			sourceTree = "<group>";
		};
		AC6BABBB2646DFD100841D6F /* Preview Content */ = {
			isa = PBXGroup;
			children = (
				AC6BABBC2646DFD100841D6F /* Preview Assets.xcassets */,
			);
			path = "Preview Content";
			sourceTree = "<group>";
		};
		AC7E44DF2646E5CA004AE8C4 /* Api */ = {
			isa = PBXGroup;
			children = (
				AC7E44E02646E5DC004AE8C4 /* ApiService.swift */,
				AC7E44E22646E5F5004AE8C4 /* Comment.swift */,
			);
			path = Api;
			sourceTree = "<group>";
		};
		AC7E44E42646E67D004AE8C4 /* ViewModel */ = {
			isa = PBXGroup;
			children = (
				AC7E44E52646E6A3004AE8C4 /* ViewModel.swift */,
			);
			path = ViewModel;
			sourceTree = "<group>";
		};
		AC7E44E72646E79B004AE8C4 /* Ui */ = {
			isa = PBXGroup;
			children = (
				AC7E44E82646E7A4004AE8C4 /* PostsView.swift */,
			);
			path = Ui;
			sourceTree = "<group>";
		};
		BDE16923E32356AD00A1F40B /* Pods */ = {
			isa = PBXGroup;
			children = (
				3AB52A60996E4590D3C4333A /* Pods-AlamofireDemo.debug.xcconfig */,
				B68B5E30B71CE15B16FBD0EA /* Pods-AlamofireDemo.release.xcconfig */,
			);
			path = Pods;
			sourceTree = "<group>";
		};
		FBC2D3781EE37E11DD15426D /* Frameworks */ = {
			isa = PBXGroup;
			children = (
				628F1A85B677A6FA9466FAF3 /* Pods_AlamofireDemo.framework */,
			);
			name = Frameworks;
			sourceTree = "<group>";
		};
/* End PBXGroup section */

/* Begin PBXNativeTarget section */
		AC6BABB12646DFCD00841D6F /* AlamofireDemo */ = {
			isa = PBXNativeTarget;
			buildConfigurationList = AC6BABC12646DFD100841D6F /* Build configuration list for PBXNativeTarget "AlamofireDemo" */;
			buildPhases = (
				04B65157974F00D948F7F9EC /* [CP] Check Pods Manifest.lock */,
				AC6BABAE2646DFCD00841D6F /* Sources */,
				AC6BABAF2646DFCD00841D6F /* Frameworks */,
				AC6BABB02646DFCD00841D6F /* Resources */,
				197615FB0A1291ABE95183CC /* [CP] Embed Pods Frameworks */,
			);
			buildRules = (
			);
			dependencies = (
			);
			name = AlamofireDemo;
			productName = AlamofireDemo;
			productReference = AC6BABB22646DFCD00841D6F /* AlamofireDemo.app */;
			productType = "com.apple.product-type.application";
		};
/* End PBXNativeTarget section */

/* Begin PBXProject section */
		AC6BABAA2646DFCD00841D6F /* Project object */ = {
			isa = PBXProject;
			attributes = {
				LastSwiftUpdateCheck = 1250;
				LastUpgradeCheck = 1250;
				TargetAttributes = {
					AC6BABB12646DFCD00841D6F = {
						CreatedOnToolsVersion = 12.5;
					};
				};
			};
			buildConfigurationList = AC6BABAD2646DFCD00841D6F /* Build configuration list for PBXProject "AlamofireDemo" */;
			compatibilityVersion = "Xcode 9.3";
			developmentRegion = en;
			hasScannedForEncodings = 0;
			knownRegions = (
				en,
				Base,
			);
			mainGroup = AC6BABA92646DFCD00841D6F;
			productRefGroup = AC6BABB32646DFCD00841D6F /* Products */;
			projectDirPath = "";
			projectRoot = "";
			targets = (
				AC6BABB12646DFCD00841D6F /* AlamofireDemo */,
			);
		};
/* End PBXProject section */

/* Begin PBXResourcesBuildPhase section */
		AC6BABB02646DFCD00841D6F /* Resources */ = {
			isa = PBXResourcesBuildPhase;
			buildActionMask = 2147483647;
			files = (
				AC6BABBD2646DFD100841D6F /* Preview Assets.xcassets in Resources */,
				AC6BABBA2646DFD100841D6F /* Assets.xcassets in Resources */,
			);
			runOnlyForDeploymentPostprocessing = 0;
		};
/* End PBXResourcesBuildPhase section */

/* Begin PBXShellScriptBuildPhase section */
		04B65157974F00D948F7F9EC /* [CP] Check Pods Manifest.lock */ = {
			isa = PBXShellScriptBuildPhase;
			buildActionMask = 2147483647;
			files = (
			);
			inputFileListPaths = (
			);
			inputPaths = (
				"${PODS_PODFILE_DIR_PATH}/Podfile.lock",
				"${PODS_ROOT}/Manifest.lock",
			);
			name = "[CP] Check Pods Manifest.lock";
			outputFileListPaths = (
			);
			outputPaths = (
				"$(DERIVED_FILE_DIR)/Pods-AlamofireDemo-checkManifestLockResult.txt",
			);
			runOnlyForDeploymentPostprocessing = 0;
			shellPath = /bin/sh;
			shellScript = "diff \"${PODS_PODFILE_DIR_PATH}/Podfile.lock\" \"${PODS_ROOT}/Manifest.lock\" > /dev/null\nif [ $? != 0 ] ; then\n    # print error to STDERR\n    echo \"error: The sandbox is not in sync with the Podfile.lock. Run 'pod install' or update your CocoaPods installation.\" >&2\n    exit 1\nfi\n# This output is used by Xcode 'outputs' to avoid re-running this script phase.\necho \"SUCCESS\" > \"${SCRIPT_OUTPUT_FILE_0}\"\n";
			showEnvVarsInLog = 0;
		};
		197615FB0A1291ABE95183CC /* [CP] Embed Pods Frameworks */ = {
			isa = PBXShellScriptBuildPhase;
			buildActionMask = 2147483647;
			files = (
			);
			inputFileListPaths = (
				"${PODS_ROOT}/Target Support Files/Pods-AlamofireDemo/Pods-AlamofireDemo-frameworks-${CONFIGURATION}-input-files.xcfilelist",
			);
			name = "[CP] Embed Pods Frameworks";
			outputFileListPaths = (
				"${PODS_ROOT}/Target Support Files/Pods-AlamofireDemo/Pods-AlamofireDemo-frameworks-${CONFIGURATION}-output-files.xcfilelist",
			);
			runOnlyForDeploymentPostprocessing = 0;
			shellPath = /bin/sh;
			shellScript = "\"${PODS_ROOT}/Target Support Files/Pods-AlamofireDemo/Pods-AlamofireDemo-frameworks.sh\"\n";
			showEnvVarsInLog = 0;
		};
/* End PBXShellScriptBuildPhase section */

/* Begin PBXSourcesBuildPhase section */
		AC6BABAE2646DFCD00841D6F /* Sources */ = {
			isa = PBXSourcesBuildPhase;
			buildActionMask = 2147483647;
			files = (
				AC7E44E62646E6A3004AE8C4 /* ViewModel.swift in Sources */,
				AC7E44E92646E7A4004AE8C4 /* PostsView.swift in Sources */,
				AC6BABB62646DFCD00841D6F /* AlamofireDemoApp.swift in Sources */,
				AC7E44E12646E5DC004AE8C4 /* ApiService.swift in Sources */,
				AC3C0D07264D0E31005B5B52 /* CommentDatabase.swift in Sources */,
				AC7E44E32646E5F5004AE8C4 /* Comment.swift in Sources */,
			);
			runOnlyForDeploymentPostprocessing = 0;
		};
/* End PBXSourcesBuildPhase section */

/* Begin XCBuildConfiguration section */
		AC6BABBF2646DFD100841D6F /* Debug */ = {
			isa = XCBuildConfiguration;
			buildSettings = {
				ALWAYS_SEARCH_USER_PATHS = NO;
				CLANG_ANALYZER_NONNULL = YES;
				CLANG_ANALYZER_NUMBER_OBJECT_CONVERSION = YES_AGGRESSIVE;
				CLANG_CXX_LANGUAGE_STANDARD = "gnu++14";
				CLANG_CXX_LIBRARY = "libc++";
				CLANG_ENABLE_MODULES = YES;
				CLANG_ENABLE_OBJC_ARC = YES;
				CLANG_ENABLE_OBJC_WEAK = YES;
				CLANG_WARN_BLOCK_CAPTURE_AUTORELEASING = YES;
				CLANG_WARN_BOOL_CONVERSION = YES;
				CLANG_WARN_COMMA = YES;
				CLANG_WARN_CONSTANT_CONVERSION = YES;
				CLANG_WARN_DEPRECATED_OBJC_IMPLEMENTATIONS = YES;
				CLANG_WARN_DIRECT_OBJC_ISA_USAGE = YES_ERROR;
				CLANG_WARN_DOCUMENTATION_COMMENTS = YES;
				CLANG_WARN_EMPTY_BODY = YES;
				CLANG_WARN_ENUM_CONVERSION = YES;
				CLANG_WARN_INFINITE_RECURSION = YES;
				CLANG_WARN_INT_CONVERSION = YES;
				CLANG_WARN_NON_LITERAL_NULL_CONVERSION = YES;
				CLANG_WARN_OBJC_IMPLICIT_RETAIN_SELF = YES;
				CLANG_WARN_OBJC_LITERAL_CONVERSION = YES;
				CLANG_WARN_OBJC_ROOT_CLASS = YES_ERROR;
				CLANG_WARN_QUOTED_INCLUDE_IN_FRAMEWORK_HEADER = YES;
				CLANG_WARN_RANGE_LOOP_ANALYSIS = YES;
				CLANG_WARN_STRICT_PROTOTYPES = YES;
				CLANG_WARN_SUSPICIOUS_MOVE = YES;
				CLANG_WARN_UNGUARDED_AVAILABILITY = YES_AGGRESSIVE;
				CLANG_WARN_UNREACHABLE_CODE = YES;
				CLANG_WARN__DUPLICATE_METHOD_MATCH = YES;
				COPY_PHASE_STRIP = NO;
				DEBUG_INFORMATION_FORMAT = dwarf;
				ENABLE_STRICT_OBJC_MSGSEND = YES;
				ENABLE_TESTABILITY = YES;
				GCC_C_LANGUAGE_STANDARD = gnu11;
				GCC_DYNAMIC_NO_PIC = NO;
				GCC_NO_COMMON_BLOCKS = YES;
				GCC_OPTIMIZATION_LEVEL = 0;
				GCC_PREPROCESSOR_DEFINITIONS = (
					"DEBUG=1",
					"$(inherited)",
				);
				GCC_WARN_64_TO_32_BIT_CONVERSION = YES;
				GCC_WARN_ABOUT_RETURN_TYPE = YES_ERROR;
				GCC_WARN_UNDECLARED_SELECTOR = YES;
				GCC_WARN_UNINITIALIZED_AUTOS = YES_AGGRESSIVE;
				GCC_WARN_UNUSED_FUNCTION = YES;
				GCC_WARN_UNUSED_VARIABLE = YES;
				IPHONEOS_DEPLOYMENT_TARGET = 14.5;
				MTL_ENABLE_DEBUG_INFO = INCLUDE_SOURCE;
				MTL_FAST_MATH = YES;
				ONLY_ACTIVE_ARCH = YES;
				SDKROOT = iphoneos;
				SWIFT_ACTIVE_COMPILATION_CONDITIONS = DEBUG;
				SWIFT_OPTIMIZATION_LEVEL = "-Onone";
			};
			name = Debug;
		};
		AC6BABC02646DFD100841D6F /* Release */ = {
			isa = XCBuildConfiguration;
			buildSettings = {
				ALWAYS_SEARCH_USER_PATHS = NO;
				CLANG_ANALYZER_NONNULL = YES;
				CLANG_ANALYZER_NUMBER_OBJECT_CONVERSION = YES_AGGRESSIVE;
				CLANG_CXX_LANGUAGE_STANDARD = "gnu++14";
				CLANG_CXX_LIBRARY = "libc++";
				CLANG_ENABLE_MODULES = YES;
				CLANG_ENABLE_OBJC_ARC = YES;
				CLANG_ENABLE_OBJC_WEAK = YES;
				CLANG_WARN_BLOCK_CAPTURE_AUTORELEASING = YES;
				CLANG_WARN_BOOL_CONVERSION = YES;
				CLANG_WARN_COMMA = YES;
				CLANG_WARN_CONSTANT_CONVERSION = YES;
				CLANG_WARN_DEPRECATED_OBJC_IMPLEMENTATIONS = YES;
				CLANG_WARN_DIRECT_OBJC_ISA_USAGE = YES_ERROR;
				CLANG_WARN_DOCUMENTATION_COMMENTS = YES;
				CLANG_WARN_EMPTY_BODY = YES;
				CLANG_WARN_ENUM_CONVERSION = YES;
				CLANG_WARN_INFINITE_RECURSION = YES;
				CLANG_WARN_INT_CONVERSION = YES;
				CLANG_WARN_NON_LITERAL_NULL_CONVERSION = YES;
				CLANG_WARN_OBJC_IMPLICIT_RETAIN_SELF = YES;
				CLANG_WARN_OBJC_LITERAL_CONVERSION = YES;
				CLANG_WARN_OBJC_ROOT_CLASS = YES_ERROR;
				CLANG_WARN_QUOTED_INCLUDE_IN_FRAMEWORK_HEADER = YES;
				CLANG_WARN_RANGE_LOOP_ANALYSIS = YES;
				CLANG_WARN_STRICT_PROTOTYPES = YES;
				CLANG_WARN_SUSPICIOUS_MOVE = YES;
				CLANG_WARN_UNGUARDED_AVAILABILITY = YES_AGGRESSIVE;
				CLANG_WARN_UNREACHABLE_CODE = YES;
				CLANG_WARN__DUPLICATE_METHOD_MATCH = YES;
				COPY_PHASE_STRIP = NO;
				DEBUG_INFORMATION_FORMAT = "dwarf-with-dsym";
				ENABLE_NS_ASSERTIONS = NO;
				ENABLE_STRICT_OBJC_MSGSEND = YES;
				GCC_C_LANGUAGE_STANDARD = gnu11;
				GCC_NO_COMMON_BLOCKS = YES;
				GCC_WARN_64_TO_32_BIT_CONVERSION = YES;
				GCC_WARN_ABOUT_RETURN_TYPE = YES_ERROR;
				GCC_WARN_UNDECLARED_SELECTOR = YES;
				GCC_WARN_UNINITIALIZED_AUTOS = YES_AGGRESSIVE;
				GCC_WARN_UNUSED_FUNCTION = YES;
				GCC_WARN_UNUSED_VARIABLE = YES;
				IPHONEOS_DEPLOYMENT_TARGET = 14.5;
				MTL_ENABLE_DEBUG_INFO = NO;
				MTL_FAST_MATH = YES;
				SDKROOT = iphoneos;
				SWIFT_COMPILATION_MODE = wholemodule;
				SWIFT_OPTIMIZATION_LEVEL = "-O";
				VALIDATE_PRODUCT = YES;
			};
			name = Release;
		};
		AC6BABC22646DFD100841D6F /* Debug */ = {
			isa = XCBuildConfiguration;
			baseConfigurationReference = 3AB52A60996E4590D3C4333A /* Pods-AlamofireDemo.debug.xcconfig */;
			buildSettings = {
				ASSETCATALOG_COMPILER_APPICON_NAME = AppIcon;
				ASSETCATALOG_COMPILER_GLOBAL_ACCENT_COLOR_NAME = AccentColor;
				CODE_SIGN_STYLE = Automatic;
				DEVELOPMENT_ASSET_PATHS = "\"AlamofireDemo/Preview Content\"";
				ENABLE_PREVIEWS = YES;
				INFOPLIST_FILE = AlamofireDemo/Info.plist;
				IPHONEOS_DEPLOYMENT_TARGET = 14.0;
				LD_RUNPATH_SEARCH_PATHS = (
					"$(inherited)",
					"@executable_path/Frameworks",
				);
				PRODUCT_BUNDLE_IDENTIFIER = kuzkov.AlamofireDemo;
				PRODUCT_NAME = "$(TARGET_NAME)";
				SWIFT_VERSION = 5.0;
				TARGETED_DEVICE_FAMILY = "1,2";
			};
			name = Debug;
		};
		AC6BABC32646DFD100841D6F /* Release */ = {
			isa = XCBuildConfiguration;
			baseConfigurationReference = B68B5E30B71CE15B16FBD0EA /* Pods-AlamofireDemo.release.xcconfig */;
			buildSettings = {
				ASSETCATALOG_COMPILER_APPICON_NAME = AppIcon;
				ASSETCATALOG_COMPILER_GLOBAL_ACCENT_COLOR_NAME = AccentColor;
				CODE_SIGN_STYLE = Automatic;
				DEVELOPMENT_ASSET_PATHS = "\"AlamofireDemo/Preview Content\"";
				ENABLE_PREVIEWS = YES;
				INFOPLIST_FILE = AlamofireDemo/Info.plist;
				IPHONEOS_DEPLOYMENT_TARGET = 14.0;
				LD_RUNPATH_SEARCH_PATHS = (
					"$(inherited)",
					"@executable_path/Frameworks",
				);
				PRODUCT_BUNDLE_IDENTIFIER = kuzkov.AlamofireDemo;
				PRODUCT_NAME = "$(TARGET_NAME)";
				SWIFT_VERSION = 5.0;
				TARGETED_DEVICE_FAMILY = "1,2";
			};
			name = Release;
		};
/* End XCBuildConfiguration section */

/* Begin XCConfigurationList section */
		AC6BABAD2646DFCD00841D6F /* Build configuration list for PBXProject "AlamofireDemo" */ = {
			isa = XCConfigurationList;
			buildConfigurations = (
				AC6BABBF2646DFD100841D6F /* Debug */,
				AC6BABC02646DFD100841D6F /* Release */,
			);
			defaultConfigurationIsVisible = 0;
			defaultConfigurationName = Release;
		};
		AC6BABC12646DFD100841D6F /* Build configuration list for PBXNativeTarget "AlamofireDemo" */ = {
			isa = XCConfigurationList;
			buildConfigurations = (
				AC6BABC22646DFD100841D6F /* Debug */,
				AC6BABC32646DFD100841D6F /* Release */,
			);
			defaultConfigurationIsVisible = 0;
			defaultConfigurationName = Release;
		};
/* End XCConfigurationList section */
	};
	rootObject = AC6BABAA2646DFCD00841D6F /* Project object */;
}
